
Microsoft Visual Studio Solution File, Format Version 12.00
# Visual Studio Version 16
VisualStudioVersion = 16.0.31729.503
MinimumVisualStudioVersion = 10.0.40219.1
Project("{FAE04EC0-301F-11D3-BF4B-00C04F79EFBC}") = "ForgottenNameG", "ForgottenNameG\ForgottenNameG.csproj", "{92A41405-D6CB-4A6F-A8C3-A2344C7004C6}"
EndProject
Global
	GlobalSection(SolutionConfigurationPlatforms) = preSolution
		Debug|Any CPU = Debug|Any CPU
		Release|Any CPU = Release|Any CPU
	EndGlobalSection
	GlobalSection(ProjectConfigurationPlatforms) = postSolution
		{92A41405-D6CB-4A6F-A8C3-A2344C7004C6}.Debug|Any CPU.ActiveCfg = Debug|Any CPU
		{92A41405-D6CB-4A6F-A8C3-A2344C7004C6}.Debug|Any CPU.Build.0 = Debug|Any CPU
		{92A41405-D6CB-4A6F-A8C3-A2344C7004C6}.Release|Any CPU.ActiveCfg = Release|Any CPU
		{92A41405-D6CB-4A6F-A8C3-A2344C7004C6}.Release|Any CPU.Build.0 = Release|Any CPU
	EndGlobalSection
	GlobalSection(SolutionProperties) = preSolution
		HideSolutionNode = FALSE
	EndGlobalSection
	GlobalSection(ExtensibilityGlobals) = postSolution
		SolutionGuid = {773E2B2A-5FA9-4C95-9550-98D46EBECA98}
	EndGlobalSection
EndGlobal
